
Microsoft Visual Studio Solution File, Format Version 12.00
# Visual Studio Version 17
VisualStudioVersion = 17.7.33920.267
MinimumVisualStudioVersion = 10.0.40219.1
Project("{9A19103F-16F7-4668-BE54-9A1E7A4F7556}") = "TinyGPT.Core", "TinyGPT.Core\TinyGPT.Core.csproj", "{7885523A-1710-4EB7-9BAE-23F0A67BD7DB}"
EndProject
Project("{9A19103F-16F7-4668-BE54-9A1E7A4F7556}") = "TinyGPT.DecoderV1.Trainer", "TinyGPT.DecoderV1.Trainer\TinyGPT.DecoderV1.Trainer.csproj", "{EAA4F7F3-37C9-42CE-902C-700225F63FCD}"
EndProject
Project("{9A19103F-16F7-4668-BE54-9A1E7A4F7556}") = "TinyGPT.Chatbot", "TinyGPT.Chatbot\TinyGPT.Chatbot.csproj", "{1EECBA9A-018D-4833-B1B0-B7D546F54214}"
EndProject
Project("{2150E333-8FDC-42A3-9474-1A3956D46DE8}") = "Solution Items", "Solution Items", "{E565FDA0-E28A-4609-A1C3-90B6D31BA32C}"
	ProjectSection(SolutionItems) = preProject
		.editorconfig = .editorconfig
	EndProjectSection
EndProject
Project("{9A19103F-16F7-4668-BE54-9A1E7A4F7556}") = "TinyGPT.DecoderV1.Booster", "TinyGPT.DecoderV1.Booster\TinyGPT.DecoderV1.Booster.csproj", "{2F1B5C17-23D8-4D36-8E0D-841218A43A4A}"
EndProject
Project("{9A19103F-16F7-4668-BE54-9A1E7A4F7556}") = "TinyGPT.Word2VecNG.Trainer", "TinyGPT.Word2VecNG.Trainer\TinyGPT.Word2VecNG.Trainer.csproj", "{162A9F3E-EBAF-4856-8E43-E38B6DBDFF55}"
EndProject
Project("{9A19103F-16F7-4668-BE54-9A1E7A4F7556}") = "TinyGPT.Autoretriever", "TinyGPT.Autoretriever\TinyGPT.Autoretriever.csproj", "{5925D2CC-73A5-4ADC-974E-10570DD3518F}"
EndProject
Project("{9A19103F-16F7-4668-BE54-9A1E7A4F7556}") = "TinyGPT.Autoretriever.Demo", "TinyGPT.Autoretriever.Demo\TinyGPT.Autoretriever.Demo.csproj", "{D278761E-093B-411C-9BD0-9DA00C5503FF}"
EndProject
Project("{9A19103F-16F7-4668-BE54-9A1E7A4F7556}") = "TinyGPT.Chatbot.NG", "TinyGPT.Chatbot.NG\TinyGPT.Chatbot.NG.csproj", "{4BF30A56-F9D1-4811-8C31-6AB074BBCE76}"
EndProject
Project("{9A19103F-16F7-4668-BE54-9A1E7A4F7556}") = "TinyGPT.Decoder.Init.Trainer", "TinyGPT.Decoder.Init.Trainer\TinyGPT.Decoder.Init.Trainer.csproj", "{1F2CD365-14E0-4AA7-93F8-56F155C48499}"
EndProject
Project("{9A19103F-16F7-4668-BE54-9A1E7A4F7556}") = "TinyGPT.SimpleDecoder.Trainer", "TinyGPT.SimpleDecoder.Trainer\TinyGPT.SimpleDecoder.Trainer.csproj", "{8E241995-6B4D-42C2-9BA7-6065E828A741}"
EndProject
Global
	GlobalSection(SolutionConfigurationPlatforms) = preSolution
		Debug|Any CPU = Debug|Any CPU
		Release|Any CPU = Release|Any CPU
	EndGlobalSection
	GlobalSection(ProjectConfigurationPlatforms) = postSolution
		{7885523A-1710-4EB7-9BAE-23F0A67BD7DB}.Debug|Any CPU.ActiveCfg = Debug|Any CPU
		{7885523A-1710-4EB7-9BAE-23F0A67BD7DB}.Debug|Any CPU.Build.0 = Debug|Any CPU
		{7885523A-1710-4EB7-9BAE-23F0A67BD7DB}.Release|Any CPU.ActiveCfg = Release|Any CPU
		{7885523A-1710-4EB7-9BAE-23F0A67BD7DB}.Release|Any CPU.Build.0 = Release|Any CPU
		{EAA4F7F3-37C9-42CE-902C-700225F63FCD}.Debug|Any CPU.ActiveCfg = Debug|Any CPU
		{EAA4F7F3-37C9-42CE-902C-700225F63FCD}.Debug|Any CPU.Build.0 = Debug|Any CPU
		{EAA4F7F3-37C9-42CE-902C-700225F63FCD}.Release|Any CPU.ActiveCfg = Release|Any CPU
		{EAA4F7F3-37C9-42CE-902C-700225F63FCD}.Release|Any CPU.Build.0 = Release|Any CPU
		{1EECBA9A-018D-4833-B1B0-B7D546F54214}.Debug|Any CPU.ActiveCfg = Debug|Any CPU
		{1EECBA9A-018D-4833-B1B0-B7D546F54214}.Debug|Any CPU.Build.0 = Debug|Any CPU
		{1EECBA9A-018D-4833-B1B0-B7D546F54214}.Release|Any CPU.ActiveCfg = Release|Any CPU
		{1EECBA9A-018D-4833-B1B0-B7D546F54214}.Release|Any CPU.Build.0 = Release|Any CPU
		{2F1B5C17-23D8-4D36-8E0D-841218A43A4A}.Debug|Any CPU.ActiveCfg = Debug|Any CPU
		{2F1B5C17-23D8-4D36-8E0D-841218A43A4A}.Debug|Any CPU.Build.0 = Debug|Any CPU
		{2F1B5C17-23D8-4D36-8E0D-841218A43A4A}.Release|Any CPU.ActiveCfg = Release|Any CPU
		{2F1B5C17-23D8-4D36-8E0D-841218A43A4A}.Release|Any CPU.Build.0 = Release|Any CPU
		{162A9F3E-EBAF-4856-8E43-E38B6DBDFF55}.Debug|Any CPU.ActiveCfg = Debug|Any CPU
		{162A9F3E-EBAF-4856-8E43-E38B6DBDFF55}.Debug|Any CPU.Build.0 = Debug|Any CPU
		{162A9F3E-EBAF-4856-8E43-E38B6DBDFF55}.Release|Any CPU.ActiveCfg = Release|Any CPU
		{162A9F3E-EBAF-4856-8E43-E38B6DBDFF55}.Release|Any CPU.Build.0 = Release|Any CPU
		{5925D2CC-73A5-4ADC-974E-10570DD3518F}.Debug|Any CPU.ActiveCfg = Debug|Any CPU
		{5925D2CC-73A5-4ADC-974E-10570DD3518F}.Debug|Any CPU.Build.0 = Debug|Any CPU
		{5925D2CC-73A5-4ADC-974E-10570DD3518F}.Release|Any CPU.ActiveCfg = Release|Any CPU
		{5925D2CC-73A5-4ADC-974E-10570DD3518F}.Release|Any CPU.Build.0 = Release|Any CPU
		{D278761E-093B-411C-9BD0-9DA00C5503FF}.Debug|Any CPU.ActiveCfg = Debug|Any CPU
		{D278761E-093B-411C-9BD0-9DA00C5503FF}.Debug|Any CPU.Build.0 = Debug|Any CPU
		{D278761E-093B-411C-9BD0-9DA00C5503FF}.Release|Any CPU.ActiveCfg = Release|Any CPU
		{D278761E-093B-411C-9BD0-9DA00C5503FF}.Release|Any CPU.Build.0 = Release|Any CPU
		{4BF30A56-F9D1-4811-8C31-6AB074BBCE76}.Debug|Any CPU.ActiveCfg = Debug|Any CPU
		{4BF30A56-F9D1-4811-8C31-6AB074BBCE76}.Debug|Any CPU.Build.0 = Debug|Any CPU
		{4BF30A56-F9D1-4811-8C31-6AB074BBCE76}.Release|Any CPU.ActiveCfg = Release|Any CPU
		{4BF30A56-F9D1-4811-8C31-6AB074BBCE76}.Release|Any CPU.Build.0 = Release|Any CPU
		{1F2CD365-14E0-4AA7-93F8-56F155C48499}.Debug|Any CPU.ActiveCfg = Debug|Any CPU
		{1F2CD365-14E0-4AA7-93F8-56F155C48499}.Debug|Any CPU.Build.0 = Debug|Any CPU
		{1F2CD365-14E0-4AA7-93F8-56F155C48499}.Release|Any CPU.ActiveCfg = Release|Any CPU
		{1F2CD365-14E0-4AA7-93F8-56F155C48499}.Release|Any CPU.Build.0 = Release|Any CPU
		{8E241995-6B4D-42C2-9BA7-6065E828A741}.Debug|Any CPU.ActiveCfg = Debug|Any CPU
		{8E241995-6B4D-42C2-9BA7-6065E828A741}.Debug|Any CPU.Build.0 = Debug|Any CPU
		{8E241995-6B4D-42C2-9BA7-6065E828A741}.Release|Any CPU.ActiveCfg = Release|Any CPU
		{8E241995-6B4D-42C2-9BA7-6065E828A741}.Release|Any CPU.Build.0 = Release|Any CPU
	EndGlobalSection
	GlobalSection(SolutionProperties) = preSolution
		HideSolutionNode = FALSE
	EndGlobalSection
	GlobalSection(ExtensibilityGlobals) = postSolution
		SolutionGuid = {CCE41CE0-645C-4F54-A516-6065D538A49D}
	EndGlobalSection
EndGlobal
